// !$*UTF8*$!
{
	archiveVersion = 1;
	classes = {
	};
	objectVersion = 51;
	objects = {

/* Begin PBXBuildFile section */
		218CDC9623516B52003A42EB /* AppDelegate.swift in Sources */ = {isa = PBXBuildFile; fileRef = 218CDC9523516B52003A42EB /* AppDelegate.swift */; };
		218CDC9823516B52003A42EB /* ViewController.swift in Sources */ = {isa = PBXBuildFile; fileRef = 218CDC9723516B52003A42EB /* ViewController.swift */; };
		218CDC9B23516B52003A42EB /* Main.storyboard in Resources */ = {isa = PBXBuildFile; fileRef = 218CDC9923516B52003A42EB /* Main.storyboard */; };
		218CDC9D23516B59003A42EB /* Assets.xcassets in Resources */ = {isa = PBXBuildFile; fileRef = 218CDC9C23516B59003A42EB /* Assets.xcassets */; };
		218CDCA023516B59003A42EB /* LaunchScreen.storyboard in Resources */ = {isa = PBXBuildFile; fileRef = 218CDC9E23516B59003A42EB /* LaunchScreen.storyboard */; };
		218CDCA923516ED4003A42EB /* TodoItem.swift in Sources */ = {isa = PBXBuildFile; fileRef = 218CDCA823516ED4003A42EB /* TodoItem.swift */; };
		218CDCB123516EEF003A42EB /* NotificationAppWithSwiftDateTests.swift in Sources */ = {isa = PBXBuildFile; fileRef = 218CDCB023516EEF003A42EB /* NotificationAppWithSwiftDateTests.swift */; };
		218CDCB923516F8A003A42EB /* RepeatUnit.swift in Sources */ = {isa = PBXBuildFile; fileRef = 218CDCB823516F8A003A42EB /* RepeatUnit.swift */; };
		218CDCBE235171E2003A42EB /* TodoItemCellViewModel.swift in Sources */ = {isa = PBXBuildFile; fileRef = 218CDCBD235171E2003A42EB /* TodoItemCellViewModel.swift */; };
		218CDCC0235172CD003A42EB /* MainViewModel.swift in Sources */ = {isa = PBXBuildFile; fileRef = 218CDCBF235172CD003A42EB /* MainViewModel.swift */; };
		82D0ABD39C6CCA2569A1D69E /* Pods_NotificationAppWithSwiftDate.framework in Frameworks */ = {isa = PBXBuildFile; fileRef = 80C010DD71D18D832053E42F /* Pods_NotificationAppWithSwiftDate.framework */; };
/* End PBXBuildFile section */

/* Begin PBXContainerItemProxy section */
		218CDCB323516EEF003A42EB /* PBXContainerItemProxy */ = {
			isa = PBXContainerItemProxy;
			containerPortal = 218CDC8A23516B52003A42EB /* Project object */;
			proxyType = 1;
			remoteGlobalIDString = 218CDC9123516B52003A42EB;
			remoteInfo = NotificationAppWithSwiftDate;
		};
/* End PBXContainerItemProxy section */

/* Begin PBXFileReference section */
		218CDC9223516B52003A42EB /* NotificationAppWithSwiftDate.app */ = {isa = PBXFileReference; explicitFileType = wrapper.application; includeInIndex = 0; path = NotificationAppWithSwiftDate.app; sourceTree = BUILT_PRODUCTS_DIR; };
		218CDC9523516B52003A42EB /* AppDelegate.swift */ = {isa = PBXFileReference; lastKnownFileType = sourcecode.swift; path = AppDelegate.swift; sourceTree = "<group>"; };
		218CDC9723516B52003A42EB /* ViewController.swift */ = {isa = PBXFileReference; lastKnownFileType = sourcecode.swift; path = ViewController.swift; sourceTree = "<group>"; };
		218CDC9A23516B52003A42EB /* Base */ = {isa = PBXFileReference; lastKnownFileType = file.storyboard; name = Base; path = Base.lproj/Main.storyboard; sourceTree = "<group>"; };
		218CDC9C23516B59003A42EB /* Assets.xcassets */ = {isa = PBXFileReference; lastKnownFileType = folder.assetcatalog; path = Assets.xcassets; sourceTree = "<group>"; };
		218CDC9F23516B59003A42EB /* Base */ = {isa = PBXFileReference; lastKnownFileType = file.storyboard; name = Base; path = Base.lproj/LaunchScreen.storyboard; sourceTree = "<group>"; };
		218CDCA123516B59003A42EB /* Info.plist */ = {isa = PBXFileReference; lastKnownFileType = text.plist.xml; path = Info.plist; sourceTree = "<group>"; };
		218CDCA823516ED4003A42EB /* TodoItem.swift */ = {isa = PBXFileReference; lastKnownFileType = sourcecode.swift; path = TodoItem.swift; sourceTree = "<group>"; };
		218CDCAE23516EEE003A42EB /* NotificationAppWithSwiftDateTests.xctest */ = {isa = PBXFileReference; explicitFileType = wrapper.cfbundle; includeInIndex = 0; path = NotificationAppWithSwiftDateTests.xctest; sourceTree = BUILT_PRODUCTS_DIR; };
		218CDCB023516EEF003A42EB /* NotificationAppWithSwiftDateTests.swift */ = {isa = PBXFileReference; lastKnownFileType = sourcecode.swift; path = NotificationAppWithSwiftDateTests.swift; sourceTree = "<group>"; };
		218CDCB223516EEF003A42EB /* Info.plist */ = {isa = PBXFileReference; lastKnownFileType = text.plist.xml; path = Info.plist; sourceTree = "<group>"; };
		218CDCB823516F8A003A42EB /* RepeatUnit.swift */ = {isa = PBXFileReference; lastKnownFileType = sourcecode.swift; path = RepeatUnit.swift; sourceTree = "<group>"; };
		218CDCBD235171E2003A42EB /* TodoItemCellViewModel.swift */ = {isa = PBXFileReference; lastKnownFileType = sourcecode.swift; path = TodoItemCellViewModel.swift; sourceTree = "<group>"; };
		218CDCBF235172CD003A42EB /* MainViewModel.swift */ = {isa = PBXFileReference; lastKnownFileType = sourcecode.swift; path = MainViewModel.swift; sourceTree = "<group>"; };
		80C010DD71D18D832053E42F /* Pods_NotificationAppWithSwiftDate.framework */ = {isa = PBXFileReference; explicitFileType = wrapper.framework; includeInIndex = 0; path = Pods_NotificationAppWithSwiftDate.framework; sourceTree = BUILT_PRODUCTS_DIR; };
		D7D8903AFB04873C4DF0A52A /* Pods-NotificationAppWithSwiftDate.release.xcconfig */ = {isa = PBXFileReference; includeInIndex = 1; lastKnownFileType = text.xcconfig; name = "Pods-NotificationAppWithSwiftDate.release.xcconfig"; path = "Target Support Files/Pods-NotificationAppWithSwiftDate/Pods-NotificationAppWithSwiftDate.release.xcconfig"; sourceTree = "<group>"; };
		E7E9057550410C54313912FB /* Pods-NotificationAppWithSwiftDate.debug.xcconfig */ = {isa = PBXFileReference; includeInIndex = 1; lastKnownFileType = text.xcconfig; name = "Pods-NotificationAppWithSwiftDate.debug.xcconfig"; path = "Target Support Files/Pods-NotificationAppWithSwiftDate/Pods-NotificationAppWithSwiftDate.debug.xcconfig"; sourceTree = "<group>"; };
/* End PBXFileReference section */

/* Begin PBXFrameworksBuildPhase section */
		218CDC8F23516B52003A42EB /* Frameworks */ = {
			isa = PBXFrameworksBuildPhase;
			buildActionMask = 2147483647;
			files = (
				82D0ABD39C6CCA2569A1D69E /* Pods_NotificationAppWithSwiftDate.framework in Frameworks */,
			);
			runOnlyForDeploymentPostprocessing = 0;
		};
		218CDCAB23516EEE003A42EB /* Frameworks */ = {
			isa = PBXFrameworksBuildPhase;
			buildActionMask = 2147483647;
			files = (
			);
			runOnlyForDeploymentPostprocessing = 0;
		};
/* End PBXFrameworksBuildPhase section */

/* Begin PBXGroup section */
		1D7C77224A046E21A50F2A7A /* Pods */ = {
			isa = PBXGroup;
			children = (
				E7E9057550410C54313912FB /* Pods-NotificationAppWithSwiftDate.debug.xcconfig */,
				D7D8903AFB04873C4DF0A52A /* Pods-NotificationAppWithSwiftDate.release.xcconfig */,
			);
			path = Pods;
			sourceTree = "<group>";
		};
		218CDC8923516B52003A42EB = {
			isa = PBXGroup;
			children = (
				218CDC9423516B52003A42EB /* NotificationAppWithSwiftDate */,
				218CDCAF23516EEE003A42EB /* NotificationAppWithSwiftDateTests */,
				218CDC9323516B52003A42EB /* Products */,
				1D7C77224A046E21A50F2A7A /* Pods */,
				E5EB68D8BD3DAE473B2B5600 /* Frameworks */,
			);
			sourceTree = "<group>";
		};
		218CDC9323516B52003A42EB /* Products */ = {
			isa = PBXGroup;
			children = (
				218CDC9223516B52003A42EB /* NotificationAppWithSwiftDate.app */,
				218CDCAE23516EEE003A42EB /* NotificationAppWithSwiftDateTests.xctest */,
			);
			name = Products;
			sourceTree = "<group>";
		};
		218CDC9423516B52003A42EB /* NotificationAppWithSwiftDate */ = {
			isa = PBXGroup;
			children = (
				218CDCA723516EBC003A42EB /* Model */,
				218CDCBA23517176003A42EB /* ViewModel */,
				218CDC9523516B52003A42EB /* AppDelegate.swift */,
				218CDC9723516B52003A42EB /* ViewController.swift */,
				218CDC9923516B52003A42EB /* Main.storyboard */,
				218CDC9C23516B59003A42EB /* Assets.xcassets */,
				218CDC9E23516B59003A42EB /* LaunchScreen.storyboard */,
				218CDCA123516B59003A42EB /* Info.plist */,
			);
			path = NotificationAppWithSwiftDate;
			sourceTree = "<group>";
		};
		218CDCA723516EBC003A42EB /* Model */ = {
			isa = PBXGroup;
			children = (
				218CDCA823516ED4003A42EB /* TodoItem.swift */,
				218CDCB823516F8A003A42EB /* RepeatUnit.swift */,
			);
			path = Model;
			sourceTree = "<group>";
		};
		218CDCAF23516EEE003A42EB /* NotificationAppWithSwiftDateTests */ = {
			isa = PBXGroup;
			children = (
				218CDCB023516EEF003A42EB /* NotificationAppWithSwiftDateTests.swift */,
				218CDCB223516EEF003A42EB /* Info.plist */,
			);
			path = NotificationAppWithSwiftDateTests;
			sourceTree = "<group>";
		};
		218CDCBA23517176003A42EB /* ViewModel */ = {
			isa = PBXGroup;
			children = (
				218CDCBD235171E2003A42EB /* TodoItemCellViewModel.swift */,
				218CDCBF235172CD003A42EB /* MainViewModel.swift */,
			);
			path = ViewModel;
			sourceTree = "<group>";
		};
		E5EB68D8BD3DAE473B2B5600 /* Frameworks */ = {
			isa = PBXGroup;
			children = (
				80C010DD71D18D832053E42F /* Pods_NotificationAppWithSwiftDate.framework */,
			);
			name = Frameworks;
			sourceTree = "<group>";
		};
/* End PBXGroup section */

/* Begin PBXNativeTarget section */
		218CDC9123516B52003A42EB /* NotificationAppWithSwiftDate */ = {
			isa = PBXNativeTarget;
			buildConfigurationList = 218CDCA423516B59003A42EB /* Build configuration list for PBXNativeTarget "NotificationAppWithSwiftDate" */;
			buildPhases = (
				C7675016E58BC853DFE4E304 /* [CP] Check Pods Manifest.lock */,
				218CDC8E23516B52003A42EB /* Sources */,
				218CDC8F23516B52003A42EB /* Frameworks */,
				218CDC9023516B52003A42EB /* Resources */,
				1AACA91B4281C0F11534432B /* [CP] Embed Pods Frameworks */,
			);
			buildRules = (
			);
			dependencies = (
			);
			name = NotificationAppWithSwiftDate;
			productName = NotificationAppWithSwiftDate;
			productReference = 218CDC9223516B52003A42EB /* NotificationAppWithSwiftDate.app */;
			productType = "com.apple.product-type.application";
		};
		218CDCAD23516EEE003A42EB /* NotificationAppWithSwiftDateTests */ = {
			isa = PBXNativeTarget;
			buildConfigurationList = 218CDCB523516EEF003A42EB /* Build configuration list for PBXNativeTarget "NotificationAppWithSwiftDateTests" */;
			buildPhases = (
				218CDCAA23516EEE003A42EB /* Sources */,
				218CDCAB23516EEE003A42EB /* Frameworks */,
				218CDCAC23516EEE003A42EB /* Resources */,
			);
			buildRules = (
			);
			dependencies = (
				218CDCB423516EEF003A42EB /* PBXTargetDependency */,
			);
			name = NotificationAppWithSwiftDateTests;
			productName = NotificationAppWithSwiftDateTests;
			productReference = 218CDCAE23516EEE003A42EB /* NotificationAppWithSwiftDateTests.xctest */;
			productType = "com.apple.product-type.bundle.unit-test";
		};
/* End PBXNativeTarget section */

/* Begin PBXProject section */
		218CDC8A23516B52003A42EB /* Project object */ = {
			isa = PBXProject;
			attributes = {
				LastSwiftUpdateCheck = 1030;
				LastUpgradeCheck = 1030;
				ORGANIZATIONNAME = Kosuke.Nishimura;
				TargetAttributes = {
					218CDC9123516B52003A42EB = {
						CreatedOnToolsVersion = 10.3;
					};
					218CDCAD23516EEE003A42EB = {
						CreatedOnToolsVersion = 10.3;
						TestTargetID = 218CDC9123516B52003A42EB;
					};
				};
			};
			buildConfigurationList = 218CDC8D23516B52003A42EB /* Build configuration list for PBXProject "NotificationAppWithSwiftDate" */;
			compatibilityVersion = "Xcode 9.3";
			developmentRegion = en;
			hasScannedForEncodings = 0;
			knownRegions = (
				en,
				Base,
			);
			mainGroup = 218CDC8923516B52003A42EB;
			productRefGroup = 218CDC9323516B52003A42EB /* Products */;
			projectDirPath = "";
			projectRoot = "";
			targets = (
				218CDC9123516B52003A42EB /* NotificationAppWithSwiftDate */,
				218CDCAD23516EEE003A42EB /* NotificationAppWithSwiftDateTests */,
			);
		};
/* End PBXProject section */

/* Begin PBXResourcesBuildPhase section */
		218CDC9023516B52003A42EB /* Resources */ = {
			isa = PBXResourcesBuildPhase;
			buildActionMask = 2147483647;
			files = (
				218CDCA023516B59003A42EB /* LaunchScreen.storyboard in Resources */,
				218CDC9D23516B59003A42EB /* Assets.xcassets in Resources */,
				218CDC9B23516B52003A42EB /* Main.storyboard in Resources */,
			);
			runOnlyForDeploymentPostprocessing = 0;
		};
		218CDCAC23516EEE003A42EB /* Resources */ = {
			isa = PBXResourcesBuildPhase;
			buildActionMask = 2147483647;
			files = (
			);
			runOnlyForDeploymentPostprocessing = 0;
		};
/* End PBXResourcesBuildPhase section */

/* Begin PBXShellScriptBuildPhase section */
		1AACA91B4281C0F11534432B /* [CP] Embed Pods Frameworks */ = {
			isa = PBXShellScriptBuildPhase;
			buildActionMask = 2147483647;
			files = (
			);
			inputFileListPaths = (
				"${PODS_ROOT}/Target Support Files/Pods-NotificationAppWithSwiftDate/Pods-NotificationAppWithSwiftDate-frameworks-${CONFIGURATION}-input-files.xcfilelist",
			);
			name = "[CP] Embed Pods Frameworks";
			outputFileListPaths = (
				"${PODS_ROOT}/Target Support Files/Pods-NotificationAppWithSwiftDate/Pods-NotificationAppWithSwiftDate-frameworks-${CONFIGURATION}-output-files.xcfilelist",
			);
			runOnlyForDeploymentPostprocessing = 0;
			shellPath = /bin/sh;
			shellScript = "\"${PODS_ROOT}/Target Support Files/Pods-NotificationAppWithSwiftDate/Pods-NotificationAppWithSwiftDate-frameworks.sh\"\n";
			showEnvVarsInLog = 0;
		};
		C7675016E58BC853DFE4E304 /* [CP] Check Pods Manifest.lock */ = {
			isa = PBXShellScriptBuildPhase;
			buildActionMask = 2147483647;
			files = (
			);
			inputFileListPaths = (
			);
			inputPaths = (
				"${PODS_PODFILE_DIR_PATH}/Podfile.lock",
				"${PODS_ROOT}/Manifest.lock",
			);
			name = "[CP] Check Pods Manifest.lock";
			outputFileListPaths = (
			);
			outputPaths = (
				"$(DERIVED_FILE_DIR)/Pods-NotificationAppWithSwiftDate-checkManifestLockResult.txt",
			);
			runOnlyForDeploymentPostprocessing = 0;
			shellPath = /bin/sh;
			shellScript = "diff \"${PODS_PODFILE_DIR_PATH}/Podfile.lock\" \"${PODS_ROOT}/Manifest.lock\" > /dev/null\nif [ $? != 0 ] ; then\n    # print error to STDERR\n    echo \"error: The sandbox is not in sync with the Podfile.lock. Run 'pod install' or update your CocoaPods installation.\" >&2\n    exit 1\nfi\n# This output is used by Xcode 'outputs' to avoid re-running this script phase.\necho \"SUCCESS\" > \"${SCRIPT_OUTPUT_FILE_0}\"\n";
			showEnvVarsInLog = 0;
		};
/* End PBXShellScriptBuildPhase section */

/* Begin PBXSourcesBuildPhase section */
		218CDC8E23516B52003A42EB /* Sources */ = {
			isa = PBXSourcesBuildPhase;
			buildActionMask = 2147483647;
			files = (
				218CDCB923516F8A003A42EB /* RepeatUnit.swift in Sources */,
				218CDC9823516B52003A42EB /* ViewController.swift in Sources */,
				218CDCA923516ED4003A42EB /* TodoItem.swift in Sources */,
				218CDC9623516B52003A42EB /* AppDelegate.swift in Sources */,
				218CDCBE235171E2003A42EB /* TodoItemCellViewModel.swift in Sources */,
				218CDCC0235172CD003A42EB /* MainViewModel.swift in Sources */,
			);
			runOnlyForDeploymentPostprocessing = 0;
		};
		218CDCAA23516EEE003A42EB /* Sources */ = {
			isa = PBXSourcesBuildPhase;
			buildActionMask = 2147483647;
			files = (
				218CDCB123516EEF003A42EB /* NotificationAppWithSwiftDateTests.swift in Sources */,
			);
			runOnlyForDeploymentPostprocessing = 0;
		};
/* End PBXSourcesBuildPhase section */

/* Begin PBXTargetDependency section */
		218CDCB423516EEF003A42EB /* PBXTargetDependency */ = {
			isa = PBXTargetDependency;
			target = 218CDC9123516B52003A42EB /* NotificationAppWithSwiftDate */;
			targetProxy = 218CDCB323516EEF003A42EB /* PBXContainerItemProxy */;
		};
/* End PBXTargetDependency section */

/* Begin PBXVariantGroup section */
		218CDC9923516B52003A42EB /* Main.storyboard */ = {
			isa = PBXVariantGroup;
			children = (
				218CDC9A23516B52003A42EB /* Base */,
			);
			name = Main.storyboard;
			sourceTree = "<group>";
		};
		218CDC9E23516B59003A42EB /* LaunchScreen.storyboard */ = {
			isa = PBXVariantGroup;
			children = (
				218CDC9F23516B59003A42EB /* Base */,
			);
			name = LaunchScreen.storyboard;
			sourceTree = "<group>";
		};
/* End PBXVariantGroup section */

/* Begin XCBuildConfiguration section */
		218CDCA223516B59003A42EB /* Debug */ = {
			isa = XCBuildConfiguration;
			buildSettings = {
				ALWAYS_SEARCH_USER_PATHS = NO;
				CLANG_ANALYZER_NONNULL = YES;
				CLANG_ANALYZER_NUMBER_OBJECT_CONVERSION = YES_AGGRESSIVE;
				CLANG_CXX_LANGUAGE_STANDARD = "gnu++14";
				CLANG_CXX_LIBRARY = "libc++";
				CLANG_ENABLE_MODULES = YES;
				CLANG_ENABLE_OBJC_ARC = YES;
				CLANG_ENABLE_OBJC_WEAK = YES;
				CLANG_WARN_BLOCK_CAPTURE_AUTORELEASING = YES;
				CLANG_WARN_BOOL_CONVERSION = YES;
				CLANG_WARN_COMMA = YES;
				CLANG_WARN_CONSTANT_CONVERSION = YES;
				CLANG_WARN_DEPRECATED_OBJC_IMPLEMENTATIONS = YES;
				CLANG_WARN_DIRECT_OBJC_ISA_USAGE = YES_ERROR;
				CLANG_WARN_DOCUMENTATION_COMMENTS = YES;
				CLANG_WARN_EMPTY_BODY = YES;
				CLANG_WARN_ENUM_CONVERSION = YES;
				CLANG_WARN_INFINITE_RECURSION = YES;
				CLANG_WARN_INT_CONVERSION = YES;
				CLANG_WARN_NON_LITERAL_NULL_CONVERSION = YES;
				CLANG_WARN_OBJC_IMPLICIT_RETAIN_SELF = YES;
				CLANG_WARN_OBJC_LITERAL_CONVERSION = YES;
				CLANG_WARN_OBJC_ROOT_CLASS = YES_ERROR;
				CLANG_WARN_RANGE_LOOP_ANALYSIS = YES;
				CLANG_WARN_STRICT_PROTOTYPES = YES;
				CLANG_WARN_SUSPICIOUS_MOVE = YES;
				CLANG_WARN_UNGUARDED_AVAILABILITY = YES_AGGRESSIVE;
				CLANG_WARN_UNREACHABLE_CODE = YES;
				CLANG_WARN__DUPLICATE_METHOD_MATCH = YES;
				CODE_SIGN_IDENTITY = "iPhone Developer";
				COPY_PHASE_STRIP = NO;
				DEBUG_INFORMATION_FORMAT = dwarf;
				ENABLE_STRICT_OBJC_MSGSEND = YES;
				ENABLE_TESTABILITY = YES;
				GCC_C_LANGUAGE_STANDARD = gnu11;
				GCC_DYNAMIC_NO_PIC = NO;
				GCC_NO_COMMON_BLOCKS = YES;
				GCC_OPTIMIZATION_LEVEL = 0;
				GCC_PREPROCESSOR_DEFINITIONS = (
					"DEBUG=1",
					"$(inherited)",
				);
				GCC_WARN_64_TO_32_BIT_CONVERSION = YES;
				GCC_WARN_ABOUT_RETURN_TYPE = YES_ERROR;
				GCC_WARN_UNDECLARED_SELECTOR = YES;
				GCC_WARN_UNINITIALIZED_AUTOS = YES_AGGRESSIVE;
				GCC_WARN_UNUSED_FUNCTION = YES;
				GCC_WARN_UNUSED_VARIABLE = YES;
				IPHONEOS_DEPLOYMENT_TARGET = 12.4;
				MTL_ENABLE_DEBUG_INFO = INCLUDE_SOURCE;
				MTL_FAST_MATH = YES;
				ONLY_ACTIVE_ARCH = YES;
				SDKROOT = iphoneos;
				SWIFT_ACTIVE_COMPILATION_CONDITIONS = DEBUG;
				SWIFT_OPTIMIZATION_LEVEL = "-Onone";
			};
			name = Debug;
		};
		218CDCA323516B59003A42EB /* Release */ = {
			isa = XCBuildConfiguration;
			buildSettings = {
				ALWAYS_SEARCH_USER_PATHS = NO;
				CLANG_ANALYZER_NONNULL = YES;
				CLANG_ANALYZER_NUMBER_OBJECT_CONVERSION = YES_AGGRESSIVE;
				CLANG_CXX_LANGUAGE_STANDARD = "gnu++14";
				CLANG_CXX_LIBRARY = "libc++";
				CLANG_ENABLE_MODULES = YES;
				CLANG_ENABLE_OBJC_ARC = YES;
				CLANG_ENABLE_OBJC_WEAK = YES;
				CLANG_WARN_BLOCK_CAPTURE_AUTORELEASING = YES;
				CLANG_WARN_BOOL_CONVERSION = YES;
				CLANG_WARN_COMMA = YES;
				CLANG_WARN_CONSTANT_CONVERSION = YES;
				CLANG_WARN_DEPRECATED_OBJC_IMPLEMENTATIONS = YES;
				CLANG_WARN_DIRECT_OBJC_ISA_USAGE = YES_ERROR;
				CLANG_WARN_DOCUMENTATION_COMMENTS = YES;
				CLANG_WARN_EMPTY_BODY = YES;
				CLANG_WARN_ENUM_CONVERSION = YES;
				CLANG_WARN_INFINITE_RECURSION = YES;
				CLANG_WARN_INT_CONVERSION = YES;
				CLANG_WARN_NON_LITERAL_NULL_CONVERSION = YES;
				CLANG_WARN_OBJC_IMPLICIT_RETAIN_SELF = YES;
				CLANG_WARN_OBJC_LITERAL_CONVERSION = YES;
				CLANG_WARN_OBJC_ROOT_CLASS = YES_ERROR;
				CLANG_WARN_RANGE_LOOP_ANALYSIS = YES;
				CLANG_WARN_STRICT_PROTOTYPES = YES;
				CLANG_WARN_SUSPICIOUS_MOVE = YES;
				CLANG_WARN_UNGUARDED_AVAILABILITY = YES_AGGRESSIVE;
				CLANG_WARN_UNREACHABLE_CODE = YES;
				CLANG_WARN__DUPLICATE_METHOD_MATCH = YES;
				CODE_SIGN_IDENTITY = "iPhone Developer";
				COPY_PHASE_STRIP = NO;
				DEBUG_INFORMATION_FORMAT = "dwarf-with-dsym";
				ENABLE_NS_ASSERTIONS = NO;
				ENABLE_STRICT_OBJC_MSGSEND = YES;
				GCC_C_LANGUAGE_STANDARD = gnu11;
				GCC_NO_COMMON_BLOCKS = YES;
				GCC_WARN_64_TO_32_BIT_CONVERSION = YES;
				GCC_WARN_ABOUT_RETURN_TYPE = YES_ERROR;
				GCC_WARN_UNDECLARED_SELECTOR = YES;
				GCC_WARN_UNINITIALIZED_AUTOS = YES_AGGRESSIVE;
				GCC_WARN_UNUSED_FUNCTION = YES;
				GCC_WARN_UNUSED_VARIABLE = YES;
				IPHONEOS_DEPLOYMENT_TARGET = 12.4;
				MTL_ENABLE_DEBUG_INFO = NO;
				MTL_FAST_MATH = YES;
				SDKROOT = iphoneos;
				SWIFT_COMPILATION_MODE = wholemodule;
				SWIFT_OPTIMIZATION_LEVEL = "-O";
				VALIDATE_PRODUCT = YES;
			};
			name = Release;
		};
		218CDCA523516B59003A42EB /* Debug */ = {
			isa = XCBuildConfiguration;
			baseConfigurationReference = E7E9057550410C54313912FB /* Pods-NotificationAppWithSwiftDate.debug.xcconfig */;
			buildSettings = {
				ASSETCATALOG_COMPILER_APPICON_NAME = AppIcon;
				CODE_SIGN_STYLE = Manual;
				DEVELOPMENT_TEAM = "";
				INFOPLIST_FILE = NotificationAppWithSwiftDate/Info.plist;
				LD_RUNPATH_SEARCH_PATHS = (
					"$(inherited)",
					"@executable_path/Frameworks",
				);
				PRODUCT_BUNDLE_IDENTIFIER = KosukeNishimura.com.NotificationAppWithSwiftDate;
				PRODUCT_NAME = "$(TARGET_NAME)";
				PROVISIONING_PROFILE_SPECIFIER = "";
				SWIFT_VERSION = 5.0;
				TARGETED_DEVICE_FAMILY = "1,2";
			};
			name = Debug;
		};
		218CDCA623516B59003A42EB /* Release */ = {
			isa = XCBuildConfiguration;
			baseConfigurationReference = D7D8903AFB04873C4DF0A52A /* Pods-NotificationAppWithSwiftDate.release.xcconfig */;
			buildSettings = {
				ASSETCATALOG_COMPILER_APPICON_NAME = AppIcon;
				CODE_SIGN_STYLE = Manual;
				DEVELOPMENT_TEAM = "";
				INFOPLIST_FILE = NotificationAppWithSwiftDate/Info.plist;
				LD_RUNPATH_SEARCH_PATHS = (
					"$(inherited)",
					"@executable_path/Frameworks",
				);
				PRODUCT_BUNDLE_IDENTIFIER = KosukeNishimura.com.NotificationAppWithSwiftDate;
				PRODUCT_NAME = "$(TARGET_NAME)";
				PROVISIONING_PROFILE_SPECIFIER = "";
				SWIFT_VERSION = 5.0;
				TARGETED_DEVICE_FAMILY = "1,2";
			};
			name = Release;
		};
		218CDCB623516EEF003A42EB /* Debug */ = {
			isa = XCBuildConfiguration;
			buildSettings = {
				BUNDLE_LOADER = "$(TEST_HOST)";
				CODE_SIGN_STYLE = Automatic;
				INFOPLIST_FILE = NotificationAppWithSwiftDateTests/Info.plist;
				LD_RUNPATH_SEARCH_PATHS = (
					"$(inherited)",
					"@executable_path/Frameworks",
					"@loader_path/Frameworks",
				);
				PRODUCT_BUNDLE_IDENTIFIER = KosukeNishimura.com.NotificationAppWithSwiftDateTests;
				PRODUCT_NAME = "$(TARGET_NAME)";
				SWIFT_VERSION = 5.0;
				TARGETED_DEVICE_FAMILY = "1,2";
				TEST_HOST = "$(BUILT_PRODUCTS_DIR)/NotificationAppWithSwiftDate.app/NotificationAppWithSwiftDate";
			};
			name = Debug;
		};
		218CDCB723516EEF003A42EB /* Release */ = {
			isa = XCBuildConfiguration;
			buildSettings = {
				BUNDLE_LOADER = "$(TEST_HOST)";
				CODE_SIGN_STYLE = Automatic;
				INFOPLIST_FILE = NotificationAppWithSwiftDateTests/Info.plist;
				LD_RUNPATH_SEARCH_PATHS = (
					"$(inherited)",
					"@executable_path/Frameworks",
					"@loader_path/Frameworks",
				);
				PRODUCT_BUNDLE_IDENTIFIER = KosukeNishimura.com.NotificationAppWithSwiftDateTests;
				PRODUCT_NAME = "$(TARGET_NAME)";
				SWIFT_VERSION = 5.0;
				TARGETED_DEVICE_FAMILY = "1,2";
				TEST_HOST = "$(BUILT_PRODUCTS_DIR)/NotificationAppWithSwiftDate.app/NotificationAppWithSwiftDate";
			};
			name = Release;
		};
/* End XCBuildConfiguration section */

/* Begin XCConfigurationList section */
		218CDC8D23516B52003A42EB /* Build configuration list for PBXProject "NotificationAppWithSwiftDate" */ = {
			isa = XCConfigurationList;
			buildConfigurations = (
				218CDCA223516B59003A42EB /* Debug */,
				218CDCA323516B59003A42EB /* Release */,
			);
			defaultConfigurationIsVisible = 0;
			defaultConfigurationName = Release;
		};
		218CDCA423516B59003A42EB /* Build configuration list for PBXNativeTarget "NotificationAppWithSwiftDate" */ = {
			isa = XCConfigurationList;
			buildConfigurations = (
				218CDCA523516B59003A42EB /* Debug */,
				218CDCA623516B59003A42EB /* Release */,
			);
			defaultConfigurationIsVisible = 0;
			defaultConfigurationName = Release;
		};
		218CDCB523516EEF003A42EB /* Build configuration list for PBXNativeTarget "NotificationAppWithSwiftDateTests" */ = {
			isa = XCConfigurationList;
			buildConfigurations = (
				218CDCB623516EEF003A42EB /* Debug */,
				218CDCB723516EEF003A42EB /* Release */,
			);
			defaultConfigurationIsVisible = 0;
			defaultConfigurationName = Release;
		};
/* End XCConfigurationList section */
	};
	rootObject = 218CDC8A23516B52003A42EB /* Project object */;
}
