// !$*UTF8*$!
{
	archiveVersion = 1;
	classes = {
	};
	objectVersion = 50;
	objects = {

/* Begin PBXBuildFile section */
		955BC4FD244DB2E20064088F /* AppDelegate.swift in Sources */ = {isa = PBXBuildFile; fileRef = 955BC4FC244DB2E20064088F /* AppDelegate.swift */; };
		955BC4FF244DB2E20064088F /* SceneDelegate.swift in Sources */ = {isa = PBXBuildFile; fileRef = 955BC4FE244DB2E20064088F /* SceneDelegate.swift */; };
		955BC501244DB2E20064088F /* ViewController.swift in Sources */ = {isa = PBXBuildFile; fileRef = 955BC500244DB2E20064088F /* ViewController.swift */; };
		955BC504244DB2E20064088F /* Main.storyboard in Resources */ = {isa = PBXBuildFile; fileRef = 955BC502244DB2E20064088F /* Main.storyboard */; };
		955BC506244DB2E70064088F /* Assets.xcassets in Resources */ = {isa = PBXBuildFile; fileRef = 955BC505244DB2E70064088F /* Assets.xcassets */; };
		955BC509244DB2E70064088F /* LaunchScreen.storyboard in Resources */ = {isa = PBXBuildFile; fileRef = 955BC507244DB2E70064088F /* LaunchScreen.storyboard */; };
		955BC511244DB3160064088F /* Hoge.swift in Sources */ = {isa = PBXBuildFile; fileRef = 955BC510244DB3160064088F /* Hoge.swift */; };
		955BC513244DB3440064088F /* CombineCompatible.swift in Sources */ = {isa = PBXBuildFile; fileRef = 955BC512244DB3440064088F /* CombineCompatible.swift */; };
/* End PBXBuildFile section */

/* Begin PBXFileReference section */
		955BC4F9244DB2E20064088F /* PlayCombine.app */ = {isa = PBXFileReference; explicitFileType = wrapper.application; includeInIndex = 0; path = PlayCombine.app; sourceTree = BUILT_PRODUCTS_DIR; };
		955BC4FC244DB2E20064088F /* AppDelegate.swift */ = {isa = PBXFileReference; lastKnownFileType = sourcecode.swift; path = AppDelegate.swift; sourceTree = "<group>"; };
		955BC4FE244DB2E20064088F /* SceneDelegate.swift */ = {isa = PBXFileReference; lastKnownFileType = sourcecode.swift; path = SceneDelegate.swift; sourceTree = "<group>"; };
		955BC500244DB2E20064088F /* ViewController.swift */ = {isa = PBXFileReference; lastKnownFileType = sourcecode.swift; path = ViewController.swift; sourceTree = "<group>"; };
		955BC503244DB2E20064088F /* Base */ = {isa = PBXFileReference; lastKnownFileType = file.storyboard; name = Base; path = Base.lproj/Main.storyboard; sourceTree = "<group>"; };
		955BC505244DB2E70064088F /* Assets.xcassets */ = {isa = PBXFileReference; lastKnownFileType = folder.assetcatalog; path = Assets.xcassets; sourceTree = "<group>"; };
		955BC508244DB2E70064088F /* Base */ = {isa = PBXFileReference; lastKnownFileType = file.storyboard; name = Base; path = Base.lproj/LaunchScreen.storyboard; sourceTree = "<group>"; };
		955BC50A244DB2E70064088F /* Info.plist */ = {isa = PBXFileReference; lastKnownFileType = text.plist.xml; path = Info.plist; sourceTree = "<group>"; };
		955BC510244DB3160064088F /* Hoge.swift */ = {isa = PBXFileReference; lastKnownFileType = sourcecode.swift; path = Hoge.swift; sourceTree = "<group>"; };
		955BC512244DB3440064088F /* CombineCompatible.swift */ = {isa = PBXFileReference; lastKnownFileType = sourcecode.swift; path = CombineCompatible.swift; sourceTree = "<group>"; };
/* End PBXFileReference section */

/* Begin PBXFrameworksBuildPhase section */
		955BC4F6244DB2E20064088F /* Frameworks */ = {
			isa = PBXFrameworksBuildPhase;
			buildActionMask = 2147483647;
			files = (
			);
			runOnlyForDeploymentPostprocessing = 0;
		};
/* End PBXFrameworksBuildPhase section */

/* Begin PBXGroup section */
		955BC4F0244DB2E20064088F = {
			isa = PBXGroup;
			children = (
				955BC4FB244DB2E20064088F /* PlayCombine */,
				955BC4FA244DB2E20064088F /* Products */,
			);
			sourceTree = "<group>";
		};
		955BC4FA244DB2E20064088F /* Products */ = {
			isa = PBXGroup;
			children = (
				955BC4F9244DB2E20064088F /* PlayCombine.app */,
			);
			name = Products;
			sourceTree = "<group>";
		};
		955BC4FB244DB2E20064088F /* PlayCombine */ = {
			isa = PBXGroup;
			children = (
				955BC4FC244DB2E20064088F /* AppDelegate.swift */,
				955BC4FE244DB2E20064088F /* SceneDelegate.swift */,
				955BC500244DB2E20064088F /* ViewController.swift */,
				955BC512244DB3440064088F /* CombineCompatible.swift */,
				955BC510244DB3160064088F /* Hoge.swift */,
				955BC502244DB2E20064088F /* Main.storyboard */,
				955BC505244DB2E70064088F /* Assets.xcassets */,
				955BC507244DB2E70064088F /* LaunchScreen.storyboard */,
				955BC50A244DB2E70064088F /* Info.plist */,
			);
			path = PlayCombine;
			sourceTree = "<group>";
		};
/* End PBXGroup section */

/* Begin PBXNativeTarget section */
		955BC4F8244DB2E20064088F /* PlayCombine */ = {
			isa = PBXNativeTarget;
			buildConfigurationList = 955BC50D244DB2E70064088F /* Build configuration list for PBXNativeTarget "PlayCombine" */;
			buildPhases = (
				955BC4F5244DB2E20064088F /* Sources */,
				955BC4F6244DB2E20064088F /* Frameworks */,
				955BC4F7244DB2E20064088F /* Resources */,
			);
			buildRules = (
			);
			dependencies = (
			);
			name = PlayCombine;
			productName = PlayCombine;
			productReference = 955BC4F9244DB2E20064088F /* PlayCombine.app */;
			productType = "com.apple.product-type.application";
		};
/* End PBXNativeTarget section */

/* Begin PBXProject section */
		955BC4F1244DB2E20064088F /* Project object */ = {
			isa = PBXProject;
			attributes = {
				LastSwiftUpdateCheck = 1140;
				LastUpgradeCheck = 1140;
				ORGANIZATIONNAME = "Kosuke Nishimura";
				TargetAttributes = {
					955BC4F8244DB2E20064088F = {
						CreatedOnToolsVersion = 11.4.1;
					};
				};
			};
			buildConfigurationList = 955BC4F4244DB2E20064088F /* Build configuration list for PBXProject "PlayCombine" */;
			compatibilityVersion = "Xcode 9.3";
			developmentRegion = en;
			hasScannedForEncodings = 0;
			knownRegions = (
				en,
				Base,
			);
			mainGroup = 955BC4F0244DB2E20064088F;
			productRefGroup = 955BC4FA244DB2E20064088F /* Products */;
			projectDirPath = "";
			projectRoot = "";
			targets = (
				955BC4F8244DB2E20064088F /* PlayCombine */,
			);
		};
/* End PBXProject section */

/* Begin PBXResourcesBuildPhase section */
		955BC4F7244DB2E20064088F /* Resources */ = {
			isa = PBXResourcesBuildPhase;
			buildActionMask = 2147483647;
			files = (
				955BC509244DB2E70064088F /* LaunchScreen.storyboard in Resources */,
				955BC506244DB2E70064088F /* Assets.xcassets in Resources */,
				955BC504244DB2E20064088F /* Main.storyboard in Resources */,
			);
			runOnlyForDeploymentPostprocessing = 0;
		};
/* End PBXResourcesBuildPhase section */

/* Begin PBXSourcesBuildPhase section */
		955BC4F5244DB2E20064088F /* Sources */ = {
			isa = PBXSourcesBuildPhase;
			buildActionMask = 2147483647;
			files = (
				955BC511244DB3160064088F /* Hoge.swift in Sources */,
				955BC501244DB2E20064088F /* ViewController.swift in Sources */,
				955BC513244DB3440064088F /* CombineCompatible.swift in Sources */,
				955BC4FD244DB2E20064088F /* AppDelegate.swift in Sources */,
				955BC4FF244DB2E20064088F /* SceneDelegate.swift in Sources */,
			);
			runOnlyForDeploymentPostprocessing = 0;
		};
/* End PBXSourcesBuildPhase section */

/* Begin PBXVariantGroup section */
		955BC502244DB2E20064088F /* Main.storyboard */ = {
			isa = PBXVariantGroup;
			children = (
				955BC503244DB2E20064088F /* Base */,
			);
			name = Main.storyboard;
			sourceTree = "<group>";
		};
		955BC507244DB2E70064088F /* LaunchScreen.storyboard */ = {
			isa = PBXVariantGroup;
			children = (
				955BC508244DB2E70064088F /* Base */,
			);
			name = LaunchScreen.storyboard;
			sourceTree = "<group>";
		};
/* End PBXVariantGroup section */

/* Begin XCBuildConfiguration section */
		955BC50B244DB2E70064088F /* Debug */ = {
			isa = XCBuildConfiguration;
			buildSettings = {
				ALWAYS_SEARCH_USER_PATHS = NO;
				CLANG_ANALYZER_NONNULL = YES;
				CLANG_ANALYZER_NUMBER_OBJECT_CONVERSION = YES_AGGRESSIVE;
				CLANG_CXX_LANGUAGE_STANDARD = "gnu++14";
				CLANG_CXX_LIBRARY = "libc++";
				CLANG_ENABLE_MODULES = YES;
				CLANG_ENABLE_OBJC_ARC = YES;
				CLANG_ENABLE_OBJC_WEAK = YES;
				CLANG_WARN_BLOCK_CAPTURE_AUTORELEASING = YES;
				CLANG_WARN_BOOL_CONVERSION = YES;
				CLANG_WARN_COMMA = YES;
				CLANG_WARN_CONSTANT_CONVERSION = YES;
				CLANG_WARN_DEPRECATED_OBJC_IMPLEMENTATIONS = YES;
				CLANG_WARN_DIRECT_OBJC_ISA_USAGE = YES_ERROR;
				CLANG_WARN_DOCUMENTATION_COMMENTS = YES;
				CLANG_WARN_EMPTY_BODY = YES;
				CLANG_WARN_ENUM_CONVERSION = YES;
				CLANG_WARN_INFINITE_RECURSION = YES;
				CLANG_WARN_INT_CONVERSION = YES;
				CLANG_WARN_NON_LITERAL_NULL_CONVERSION = YES;
				CLANG_WARN_OBJC_IMPLICIT_RETAIN_SELF = YES;
				CLANG_WARN_OBJC_LITERAL_CONVERSION = YES;
				CLANG_WARN_OBJC_ROOT_CLASS = YES_ERROR;
				CLANG_WARN_RANGE_LOOP_ANALYSIS = YES;
				CLANG_WARN_STRICT_PROTOTYPES = YES;
				CLANG_WARN_SUSPICIOUS_MOVE = YES;
				CLANG_WARN_UNGUARDED_AVAILABILITY = YES_AGGRESSIVE;
				CLANG_WARN_UNREACHABLE_CODE = YES;
				CLANG_WARN__DUPLICATE_METHOD_MATCH = YES;
				COPY_PHASE_STRIP = NO;
				DEBUG_INFORMATION_FORMAT = dwarf;
				ENABLE_STRICT_OBJC_MSGSEND = YES;
				ENABLE_TESTABILITY = YES;
				GCC_C_LANGUAGE_STANDARD = gnu11;
				GCC_DYNAMIC_NO_PIC = NO;
				GCC_NO_COMMON_BLOCKS = YES;
				GCC_OPTIMIZATION_LEVEL = 0;
				GCC_PREPROCESSOR_DEFINITIONS = (
					"DEBUG=1",
					"$(inherited)",
				);
				GCC_WARN_64_TO_32_BIT_CONVERSION = YES;
				GCC_WARN_ABOUT_RETURN_TYPE = YES_ERROR;
				GCC_WARN_UNDECLARED_SELECTOR = YES;
				GCC_WARN_UNINITIALIZED_AUTOS = YES_AGGRESSIVE;
				GCC_WARN_UNUSED_FUNCTION = YES;
				GCC_WARN_UNUSED_VARIABLE = YES;
				IPHONEOS_DEPLOYMENT_TARGET = 13.4;
				MTL_ENABLE_DEBUG_INFO = INCLUDE_SOURCE;
				MTL_FAST_MATH = YES;
				ONLY_ACTIVE_ARCH = YES;
				SDKROOT = iphoneos;
				SWIFT_ACTIVE_COMPILATION_CONDITIONS = DEBUG;
				SWIFT_OPTIMIZATION_LEVEL = "-Onone";
			};
			name = Debug;
		};
		955BC50C244DB2E70064088F /* Release */ = {
			isa = XCBuildConfiguration;
			buildSettings = {
				ALWAYS_SEARCH_USER_PATHS = NO;
				CLANG_ANALYZER_NONNULL = YES;
				CLANG_ANALYZER_NUMBER_OBJECT_CONVERSION = YES_AGGRESSIVE;
				CLANG_CXX_LANGUAGE_STANDARD = "gnu++14";
				CLANG_CXX_LIBRARY = "libc++";
				CLANG_ENABLE_MODULES = YES;
				CLANG_ENABLE_OBJC_ARC = YES;
				CLANG_ENABLE_OBJC_WEAK = YES;
				CLANG_WARN_BLOCK_CAPTURE_AUTORELEASING = YES;
				CLANG_WARN_BOOL_CONVERSION = YES;
				CLANG_WARN_COMMA = YES;
				CLANG_WARN_CONSTANT_CONVERSION = YES;
				CLANG_WARN_DEPRECATED_OBJC_IMPLEMENTATIONS = YES;
				CLANG_WARN_DIRECT_OBJC_ISA_USAGE = YES_ERROR;
				CLANG_WARN_DOCUMENTATION_COMMENTS = YES;
				CLANG_WARN_EMPTY_BODY = YES;
				CLANG_WARN_ENUM_CONVERSION = YES;
				CLANG_WARN_INFINITE_RECURSION = YES;
				CLANG_WARN_INT_CONVERSION = YES;
				CLANG_WARN_NON_LITERAL_NULL_CONVERSION = YES;
				CLANG_WARN_OBJC_IMPLICIT_RETAIN_SELF = YES;
				CLANG_WARN_OBJC_LITERAL_CONVERSION = YES;
				CLANG_WARN_OBJC_ROOT_CLASS = YES_ERROR;
				CLANG_WARN_RANGE_LOOP_ANALYSIS = YES;
				CLANG_WARN_STRICT_PROTOTYPES = YES;
				CLANG_WARN_SUSPICIOUS_MOVE = YES;
				CLANG_WARN_UNGUARDED_AVAILABILITY = YES_AGGRESSIVE;
				CLANG_WARN_UNREACHABLE_CODE = YES;
				CLANG_WARN__DUPLICATE_METHOD_MATCH = YES;
				COPY_PHASE_STRIP = NO;
				DEBUG_INFORMATION_FORMAT = "dwarf-with-dsym";
				ENABLE_NS_ASSERTIONS = NO;
				ENABLE_STRICT_OBJC_MSGSEND = YES;
				GCC_C_LANGUAGE_STANDARD = gnu11;
				GCC_NO_COMMON_BLOCKS = YES;
				GCC_WARN_64_TO_32_BIT_CONVERSION = YES;
				GCC_WARN_ABOUT_RETURN_TYPE = YES_ERROR;
				GCC_WARN_UNDECLARED_SELECTOR = YES;
				GCC_WARN_UNINITIALIZED_AUTOS = YES_AGGRESSIVE;
				GCC_WARN_UNUSED_FUNCTION = YES;
				GCC_WARN_UNUSED_VARIABLE = YES;
				IPHONEOS_DEPLOYMENT_TARGET = 13.4;
				MTL_ENABLE_DEBUG_INFO = NO;
				MTL_FAST_MATH = YES;
				SDKROOT = iphoneos;
				SWIFT_COMPILATION_MODE = wholemodule;
				SWIFT_OPTIMIZATION_LEVEL = "-O";
				VALIDATE_PRODUCT = YES;
			};
			name = Release;
		};
		955BC50E244DB2E70064088F /* Debug */ = {
			isa = XCBuildConfiguration;
			buildSettings = {
				ASSETCATALOG_COMPILER_APPICON_NAME = AppIcon;
				CODE_SIGN_STYLE = Automatic;
				DEVELOPMENT_TEAM = H9T7E6YV3C;
				INFOPLIST_FILE = PlayCombine/Info.plist;
				LD_RUNPATH_SEARCH_PATHS = (
					"$(inherited)",
					"@executable_path/Frameworks",
				);
				PRODUCT_BUNDLE_IDENTIFIER = com.blackurocky.PlayCombine;
				PRODUCT_NAME = "$(TARGET_NAME)";
				SWIFT_VERSION = 5.0;
				TARGETED_DEVICE_FAMILY = "1,2";
			};
			name = Debug;
		};
		955BC50F244DB2E70064088F /* Release */ = {
			isa = XCBuildConfiguration;
			buildSettings = {
				ASSETCATALOG_COMPILER_APPICON_NAME = AppIcon;
				CODE_SIGN_STYLE = Automatic;
				DEVELOPMENT_TEAM = H9T7E6YV3C;
				INFOPLIST_FILE = PlayCombine/Info.plist;
				LD_RUNPATH_SEARCH_PATHS = (
					"$(inherited)",
					"@executable_path/Frameworks",
				);
				PRODUCT_BUNDLE_IDENTIFIER = com.blackurocky.PlayCombine;
				PRODUCT_NAME = "$(TARGET_NAME)";
				SWIFT_VERSION = 5.0;
				TARGETED_DEVICE_FAMILY = "1,2";
			};
			name = Release;
		};
/* End XCBuildConfiguration section */

/* Begin XCConfigurationList section */
		955BC4F4244DB2E20064088F /* Build configuration list for PBXProject "PlayCombine" */ = {
			isa = XCConfigurationList;
			buildConfigurations = (
				955BC50B244DB2E70064088F /* Debug */,
				955BC50C244DB2E70064088F /* Release */,
			);
			defaultConfigurationIsVisible = 0;
			defaultConfigurationName = Release;
		};
		955BC50D244DB2E70064088F /* Build configuration list for PBXNativeTarget "PlayCombine" */ = {
			isa = XCConfigurationList;
			buildConfigurations = (
				955BC50E244DB2E70064088F /* Debug */,
				955BC50F244DB2E70064088F /* Release */,
			);
			defaultConfigurationIsVisible = 0;
			defaultConfigurationName = Release;
		};
/* End XCConfigurationList section */
	};
	rootObject = 955BC4F1244DB2E20064088F /* Project object */;
}
