// !$*UTF8*$!
{
	archiveVersion = 1;
	classes = {
	};
	objectVersion = 50;
	objects = {

/* Begin PBXBuildFile section */
		211E92282290D062009C9FA9 /* AppDelegate.swift in Sources */ = {isa = PBXBuildFile; fileRef = 211E92272290D062009C9FA9 /* AppDelegate.swift */; };
		211E922A2290D062009C9FA9 /* ViewController.swift in Sources */ = {isa = PBXBuildFile; fileRef = 211E92292290D062009C9FA9 /* ViewController.swift */; };
		211E922D2290D062009C9FA9 /* Main.storyboard in Resources */ = {isa = PBXBuildFile; fileRef = 211E922B2290D062009C9FA9 /* Main.storyboard */; };
		211E922F2290D068009C9FA9 /* Assets.xcassets in Resources */ = {isa = PBXBuildFile; fileRef = 211E922E2290D068009C9FA9 /* Assets.xcassets */; };
		211E92322290D068009C9FA9 /* LaunchScreen.storyboard in Resources */ = {isa = PBXBuildFile; fileRef = 211E92302290D068009C9FA9 /* LaunchScreen.storyboard */; };
		211E923A2290D2D0009C9FA9 /* CameraViewController.swift in Sources */ = {isa = PBXBuildFile; fileRef = 211E92392290D2CF009C9FA9 /* CameraViewController.swift */; };
		211E923C2290D834009C9FA9 /* CapturedPicPreviewViewController.swift in Sources */ = {isa = PBXBuildFile; fileRef = 211E923B2290D834009C9FA9 /* CapturedPicPreviewViewController.swift */; };
		211E924022911F82009C9FA9 /* ImageDetailViewController.swift in Sources */ = {isa = PBXBuildFile; fileRef = 211E923F22911F82009C9FA9 /* ImageDetailViewController.swift */; };
/* End PBXBuildFile section */

/* Begin PBXFileReference section */
		211E92242290D062009C9FA9 /* TestAVFoundation.app */ = {isa = PBXFileReference; explicitFileType = wrapper.application; includeInIndex = 0; path = TestAVFoundation.app; sourceTree = BUILT_PRODUCTS_DIR; };
		211E92272290D062009C9FA9 /* AppDelegate.swift */ = {isa = PBXFileReference; lastKnownFileType = sourcecode.swift; path = AppDelegate.swift; sourceTree = "<group>"; };
		211E92292290D062009C9FA9 /* ViewController.swift */ = {isa = PBXFileReference; lastKnownFileType = sourcecode.swift; path = ViewController.swift; sourceTree = "<group>"; };
		211E922C2290D062009C9FA9 /* Base */ = {isa = PBXFileReference; lastKnownFileType = file.storyboard; name = Base; path = Base.lproj/Main.storyboard; sourceTree = "<group>"; };
		211E922E2290D068009C9FA9 /* Assets.xcassets */ = {isa = PBXFileReference; lastKnownFileType = folder.assetcatalog; path = Assets.xcassets; sourceTree = "<group>"; };
		211E92312290D068009C9FA9 /* Base */ = {isa = PBXFileReference; lastKnownFileType = file.storyboard; name = Base; path = Base.lproj/LaunchScreen.storyboard; sourceTree = "<group>"; };
		211E92332290D068009C9FA9 /* Info.plist */ = {isa = PBXFileReference; lastKnownFileType = text.plist.xml; path = Info.plist; sourceTree = "<group>"; };
		211E92392290D2CF009C9FA9 /* CameraViewController.swift */ = {isa = PBXFileReference; lastKnownFileType = sourcecode.swift; path = CameraViewController.swift; sourceTree = "<group>"; };
		211E923B2290D834009C9FA9 /* CapturedPicPreviewViewController.swift */ = {isa = PBXFileReference; lastKnownFileType = sourcecode.swift; path = CapturedPicPreviewViewController.swift; sourceTree = "<group>"; };
		211E923F22911F82009C9FA9 /* ImageDetailViewController.swift */ = {isa = PBXFileReference; lastKnownFileType = sourcecode.swift; path = ImageDetailViewController.swift; sourceTree = "<group>"; };
/* End PBXFileReference section */

/* Begin PBXFrameworksBuildPhase section */
		211E92212290D062009C9FA9 /* Frameworks */ = {
			isa = PBXFrameworksBuildPhase;
			buildActionMask = 2147483647;
			files = (
			);
			runOnlyForDeploymentPostprocessing = 0;
		};
/* End PBXFrameworksBuildPhase section */

/* Begin PBXGroup section */
		211E921B2290D062009C9FA9 = {
			isa = PBXGroup;
			children = (
				211E92262290D062009C9FA9 /* TestAVFoundation */,
				211E92252290D062009C9FA9 /* Products */,
			);
			sourceTree = "<group>";
		};
		211E92252290D062009C9FA9 /* Products */ = {
			isa = PBXGroup;
			children = (
				211E92242290D062009C9FA9 /* TestAVFoundation.app */,
			);
			name = Products;
			sourceTree = "<group>";
		};
		211E92262290D062009C9FA9 /* TestAVFoundation */ = {
			isa = PBXGroup;
			children = (
				211E92272290D062009C9FA9 /* AppDelegate.swift */,
				211E92292290D062009C9FA9 /* ViewController.swift */,
				211E92392290D2CF009C9FA9 /* CameraViewController.swift */,
				211E923B2290D834009C9FA9 /* CapturedPicPreviewViewController.swift */,
				211E923F22911F82009C9FA9 /* ImageDetailViewController.swift */,
				211E922B2290D062009C9FA9 /* Main.storyboard */,
				211E922E2290D068009C9FA9 /* Assets.xcassets */,
				211E92302290D068009C9FA9 /* LaunchScreen.storyboard */,
				211E92332290D068009C9FA9 /* Info.plist */,
			);
			path = TestAVFoundation;
			sourceTree = "<group>";
		};
/* End PBXGroup section */

/* Begin PBXNativeTarget section */
		211E92232290D062009C9FA9 /* TestAVFoundation */ = {
			isa = PBXNativeTarget;
			buildConfigurationList = 211E92362290D068009C9FA9 /* Build configuration list for PBXNativeTarget "TestAVFoundation" */;
			buildPhases = (
				211E92202290D062009C9FA9 /* Sources */,
				211E92212290D062009C9FA9 /* Frameworks */,
				211E92222290D062009C9FA9 /* Resources */,
			);
			buildRules = (
			);
			dependencies = (
			);
			name = TestAVFoundation;
			productName = TestAVFoundation;
			productReference = 211E92242290D062009C9FA9 /* TestAVFoundation.app */;
			productType = "com.apple.product-type.application";
		};
/* End PBXNativeTarget section */

/* Begin PBXProject section */
		211E921C2290D062009C9FA9 /* Project object */ = {
			isa = PBXProject;
			attributes = {
				LastSwiftUpdateCheck = 1020;
				LastUpgradeCheck = 1020;
				ORGANIZATIONNAME = Kosuke.Nishimura;
				TargetAttributes = {
					211E92232290D062009C9FA9 = {
						CreatedOnToolsVersion = 10.2.1;
					};
				};
			};
			buildConfigurationList = 211E921F2290D062009C9FA9 /* Build configuration list for PBXProject "TestAVFoundation" */;
			compatibilityVersion = "Xcode 9.3";
			developmentRegion = en;
			hasScannedForEncodings = 0;
			knownRegions = (
				en,
				Base,
			);
			mainGroup = 211E921B2290D062009C9FA9;
			productRefGroup = 211E92252290D062009C9FA9 /* Products */;
			projectDirPath = "";
			projectRoot = "";
			targets = (
				211E92232290D062009C9FA9 /* TestAVFoundation */,
			);
		};
/* End PBXProject section */

/* Begin PBXResourcesBuildPhase section */
		211E92222290D062009C9FA9 /* Resources */ = {
			isa = PBXResourcesBuildPhase;
			buildActionMask = 2147483647;
			files = (
				211E92322290D068009C9FA9 /* LaunchScreen.storyboard in Resources */,
				211E922F2290D068009C9FA9 /* Assets.xcassets in Resources */,
				211E922D2290D062009C9FA9 /* Main.storyboard in Resources */,
			);
			runOnlyForDeploymentPostprocessing = 0;
		};
/* End PBXResourcesBuildPhase section */

/* Begin PBXSourcesBuildPhase section */
		211E92202290D062009C9FA9 /* Sources */ = {
			isa = PBXSourcesBuildPhase;
			buildActionMask = 2147483647;
			files = (
				211E922A2290D062009C9FA9 /* ViewController.swift in Sources */,
				211E92282290D062009C9FA9 /* AppDelegate.swift in Sources */,
				211E923C2290D834009C9FA9 /* CapturedPicPreviewViewController.swift in Sources */,
				211E923A2290D2D0009C9FA9 /* CameraViewController.swift in Sources */,
				211E924022911F82009C9FA9 /* ImageDetailViewController.swift in Sources */,
			);
			runOnlyForDeploymentPostprocessing = 0;
		};
/* End PBXSourcesBuildPhase section */

/* Begin PBXVariantGroup section */
		211E922B2290D062009C9FA9 /* Main.storyboard */ = {
			isa = PBXVariantGroup;
			children = (
				211E922C2290D062009C9FA9 /* Base */,
			);
			name = Main.storyboard;
			sourceTree = "<group>";
		};
		211E92302290D068009C9FA9 /* LaunchScreen.storyboard */ = {
			isa = PBXVariantGroup;
			children = (
				211E92312290D068009C9FA9 /* Base */,
			);
			name = LaunchScreen.storyboard;
			sourceTree = "<group>";
		};
/* End PBXVariantGroup section */

/* Begin XCBuildConfiguration section */
		211E92342290D068009C9FA9 /* Debug */ = {
			isa = XCBuildConfiguration;
			buildSettings = {
				ALWAYS_SEARCH_USER_PATHS = NO;
				CLANG_ANALYZER_NONNULL = YES;
				CLANG_ANALYZER_NUMBER_OBJECT_CONVERSION = YES_AGGRESSIVE;
				CLANG_CXX_LANGUAGE_STANDARD = "gnu++14";
				CLANG_CXX_LIBRARY = "libc++";
				CLANG_ENABLE_MODULES = YES;
				CLANG_ENABLE_OBJC_ARC = YES;
				CLANG_ENABLE_OBJC_WEAK = YES;
				CLANG_WARN_BLOCK_CAPTURE_AUTORELEASING = YES;
				CLANG_WARN_BOOL_CONVERSION = YES;
				CLANG_WARN_COMMA = YES;
				CLANG_WARN_CONSTANT_CONVERSION = YES;
				CLANG_WARN_DEPRECATED_OBJC_IMPLEMENTATIONS = YES;
				CLANG_WARN_DIRECT_OBJC_ISA_USAGE = YES_ERROR;
				CLANG_WARN_DOCUMENTATION_COMMENTS = YES;
				CLANG_WARN_EMPTY_BODY = YES;
				CLANG_WARN_ENUM_CONVERSION = YES;
				CLANG_WARN_INFINITE_RECURSION = YES;
				CLANG_WARN_INT_CONVERSION = YES;
				CLANG_WARN_NON_LITERAL_NULL_CONVERSION = YES;
				CLANG_WARN_OBJC_IMPLICIT_RETAIN_SELF = YES;
				CLANG_WARN_OBJC_LITERAL_CONVERSION = YES;
				CLANG_WARN_OBJC_ROOT_CLASS = YES_ERROR;
				CLANG_WARN_RANGE_LOOP_ANALYSIS = YES;
				CLANG_WARN_STRICT_PROTOTYPES = YES;
				CLANG_WARN_SUSPICIOUS_MOVE = YES;
				CLANG_WARN_UNGUARDED_AVAILABILITY = YES_AGGRESSIVE;
				CLANG_WARN_UNREACHABLE_CODE = YES;
				CLANG_WARN__DUPLICATE_METHOD_MATCH = YES;
				CODE_SIGN_IDENTITY = "iPhone Developer";
				COPY_PHASE_STRIP = NO;
				DEBUG_INFORMATION_FORMAT = dwarf;
				ENABLE_STRICT_OBJC_MSGSEND = YES;
				ENABLE_TESTABILITY = YES;
				GCC_C_LANGUAGE_STANDARD = gnu11;
				GCC_DYNAMIC_NO_PIC = NO;
				GCC_NO_COMMON_BLOCKS = YES;
				GCC_OPTIMIZATION_LEVEL = 0;
				GCC_PREPROCESSOR_DEFINITIONS = (
					"DEBUG=1",
					"$(inherited)",
				);
				GCC_WARN_64_TO_32_BIT_CONVERSION = YES;
				GCC_WARN_ABOUT_RETURN_TYPE = YES_ERROR;
				GCC_WARN_UNDECLARED_SELECTOR = YES;
				GCC_WARN_UNINITIALIZED_AUTOS = YES_AGGRESSIVE;
				GCC_WARN_UNUSED_FUNCTION = YES;
				GCC_WARN_UNUSED_VARIABLE = YES;
				IPHONEOS_DEPLOYMENT_TARGET = 12.2;
				MTL_ENABLE_DEBUG_INFO = INCLUDE_SOURCE;
				MTL_FAST_MATH = YES;
				ONLY_ACTIVE_ARCH = YES;
				SDKROOT = iphoneos;
				SWIFT_ACTIVE_COMPILATION_CONDITIONS = DEBUG;
				SWIFT_OPTIMIZATION_LEVEL = "-Onone";
			};
			name = Debug;
		};
		211E92352290D068009C9FA9 /* Release */ = {
			isa = XCBuildConfiguration;
			buildSettings = {
				ALWAYS_SEARCH_USER_PATHS = NO;
				CLANG_ANALYZER_NONNULL = YES;
				CLANG_ANALYZER_NUMBER_OBJECT_CONVERSION = YES_AGGRESSIVE;
				CLANG_CXX_LANGUAGE_STANDARD = "gnu++14";
				CLANG_CXX_LIBRARY = "libc++";
				CLANG_ENABLE_MODULES = YES;
				CLANG_ENABLE_OBJC_ARC = YES;
				CLANG_ENABLE_OBJC_WEAK = YES;
				CLANG_WARN_BLOCK_CAPTURE_AUTORELEASING = YES;
				CLANG_WARN_BOOL_CONVERSION = YES;
				CLANG_WARN_COMMA = YES;
				CLANG_WARN_CONSTANT_CONVERSION = YES;
				CLANG_WARN_DEPRECATED_OBJC_IMPLEMENTATIONS = YES;
				CLANG_WARN_DIRECT_OBJC_ISA_USAGE = YES_ERROR;
				CLANG_WARN_DOCUMENTATION_COMMENTS = YES;
				CLANG_WARN_EMPTY_BODY = YES;
				CLANG_WARN_ENUM_CONVERSION = YES;
				CLANG_WARN_INFINITE_RECURSION = YES;
				CLANG_WARN_INT_CONVERSION = YES;
				CLANG_WARN_NON_LITERAL_NULL_CONVERSION = YES;
				CLANG_WARN_OBJC_IMPLICIT_RETAIN_SELF = YES;
				CLANG_WARN_OBJC_LITERAL_CONVERSION = YES;
				CLANG_WARN_OBJC_ROOT_CLASS = YES_ERROR;
				CLANG_WARN_RANGE_LOOP_ANALYSIS = YES;
				CLANG_WARN_STRICT_PROTOTYPES = YES;
				CLANG_WARN_SUSPICIOUS_MOVE = YES;
				CLANG_WARN_UNGUARDED_AVAILABILITY = YES_AGGRESSIVE;
				CLANG_WARN_UNREACHABLE_CODE = YES;
				CLANG_WARN__DUPLICATE_METHOD_MATCH = YES;
				CODE_SIGN_IDENTITY = "iPhone Developer";
				COPY_PHASE_STRIP = NO;
				DEBUG_INFORMATION_FORMAT = "dwarf-with-dsym";
				ENABLE_NS_ASSERTIONS = NO;
				ENABLE_STRICT_OBJC_MSGSEND = YES;
				GCC_C_LANGUAGE_STANDARD = gnu11;
				GCC_NO_COMMON_BLOCKS = YES;
				GCC_WARN_64_TO_32_BIT_CONVERSION = YES;
				GCC_WARN_ABOUT_RETURN_TYPE = YES_ERROR;
				GCC_WARN_UNDECLARED_SELECTOR = YES;
				GCC_WARN_UNINITIALIZED_AUTOS = YES_AGGRESSIVE;
				GCC_WARN_UNUSED_FUNCTION = YES;
				GCC_WARN_UNUSED_VARIABLE = YES;
				IPHONEOS_DEPLOYMENT_TARGET = 12.2;
				MTL_ENABLE_DEBUG_INFO = NO;
				MTL_FAST_MATH = YES;
				SDKROOT = iphoneos;
				SWIFT_COMPILATION_MODE = wholemodule;
				SWIFT_OPTIMIZATION_LEVEL = "-O";
				VALIDATE_PRODUCT = YES;
			};
			name = Release;
		};
		211E92372290D068009C9FA9 /* Debug */ = {
			isa = XCBuildConfiguration;
			buildSettings = {
				ASSETCATALOG_COMPILER_APPICON_NAME = AppIcon;
				CODE_SIGN_IDENTITY = "iPhone Developer";
				CODE_SIGN_STYLE = Automatic;
				DEVELOPMENT_TEAM = H9T7E6YV3C;
				INFOPLIST_FILE = TestAVFoundation/Info.plist;
				LD_RUNPATH_SEARCH_PATHS = (
					"$(inherited)",
					"@executable_path/Frameworks",
				);
				PRODUCT_BUNDLE_IDENTIFIER = KosukeNishimura.com.TestAVFoundation;
				PRODUCT_NAME = "$(TARGET_NAME)";
				PROVISIONING_PROFILE_SPECIFIER = "";
				SWIFT_VERSION = 5.0;
				TARGETED_DEVICE_FAMILY = "1,2";
			};
			name = Debug;
		};
		211E92382290D068009C9FA9 /* Release */ = {
			isa = XCBuildConfiguration;
			buildSettings = {
				ASSETCATALOG_COMPILER_APPICON_NAME = AppIcon;
				CODE_SIGN_IDENTITY = "iPhone Developer";
				CODE_SIGN_STYLE = Automatic;
				DEVELOPMENT_TEAM = H9T7E6YV3C;
				INFOPLIST_FILE = TestAVFoundation/Info.plist;
				LD_RUNPATH_SEARCH_PATHS = (
					"$(inherited)",
					"@executable_path/Frameworks",
				);
				PRODUCT_BUNDLE_IDENTIFIER = KosukeNishimura.com.TestAVFoundation;
				PRODUCT_NAME = "$(TARGET_NAME)";
				PROVISIONING_PROFILE_SPECIFIER = "";
				SWIFT_VERSION = 5.0;
				TARGETED_DEVICE_FAMILY = "1,2";
			};
			name = Release;
		};
/* End XCBuildConfiguration section */

/* Begin XCConfigurationList section */
		211E921F2290D062009C9FA9 /* Build configuration list for PBXProject "TestAVFoundation" */ = {
			isa = XCConfigurationList;
			buildConfigurations = (
				211E92342290D068009C9FA9 /* Debug */,
				211E92352290D068009C9FA9 /* Release */,
			);
			defaultConfigurationIsVisible = 0;
			defaultConfigurationName = Release;
		};
		211E92362290D068009C9FA9 /* Build configuration list for PBXNativeTarget "TestAVFoundation" */ = {
			isa = XCConfigurationList;
			buildConfigurations = (
				211E92372290D068009C9FA9 /* Debug */,
				211E92382290D068009C9FA9 /* Release */,
			);
			defaultConfigurationIsVisible = 0;
			defaultConfigurationName = Release;
		};
/* End XCConfigurationList section */
	};
	rootObject = 211E921C2290D062009C9FA9 /* Project object */;
}
